
Microsoft Visual Studio Solution File, Format Version 12.00
# Visual Studio Version 17
VisualStudioVersion = 17.10.34928.147
MinimumVisualStudioVersion = 10.0.40219.1
Project("{2150E333-8FDC-42A3-9474-1A3956D46DE8}") = "..Solution Items", "..Solution Items", "{C82E6C65-F435-4DA5-BC04-1E29BA2B0376}"
	ProjectSection(SolutionItems) = preProject
		Directory.Build.props = Directory.Build.props
	EndProjectSection
EndProject
Project("{2150E333-8FDC-42A3-9474-1A3956D46DE8}") = "FX", "FX", "{F8538BCE-36D3-4317-8C3C-7540117B99A7}"
EndProject
Project("{2150E333-8FDC-42A3-9474-1A3956D46DE8}") = "Ignite", "Ignite", "{D8925EFE-9CEE-472F-86E4-24E25B1D7429}"
EndProject
Project("{2150E333-8FDC-42A3-9474-1A3956D46DE8}") = "tests", "tests", "{32548940-0629-46AC-B9BF-E7C41F1C49DE}"
EndProject
Project("{2150E333-8FDC-42A3-9474-1A3956D46DE8}") = "Sparks", "Sparks", "{5A5969AF-86CB-489B-B0DE-C0BAADF5B424}"
EndProject
Project("{9A19103F-16F7-4668-BE54-9A1E7A4F7556}") = "ES.FX", "src\ES.FX\ES.FX.csproj", "{59D82B3D-BB0E-48EE-A794-2FF5ED2A7933}"
EndProject
Project("{9A19103F-16F7-4668-BE54-9A1E7A4F7556}") = "ES.FX.Hosting", "src\ES.FX.Hosting\ES.FX.Hosting.csproj", "{35BDE65B-418E-4893-93D4-5E4FBD70485B}"
EndProject
Project("{9A19103F-16F7-4668-BE54-9A1E7A4F7556}") = "ES.FX.Ignite.Microsoft.EntityFrameworkCore", "src\ES.FX.Ignite.Microsoft.EntityFrameworkCore\ES.FX.Ignite.Microsoft.EntityFrameworkCore.csproj", "{18C11FC1-BB81-454B-863E-09E800C92744}"
EndProject
Project("{9A19103F-16F7-4668-BE54-9A1E7A4F7556}") = "ES.FX.Microsoft.EntityFrameworkCore", "src\ES.FX.Microsoft.EntityFrameworkCore\ES.FX.Microsoft.EntityFrameworkCore.csproj", "{CE5F8B87-AF97-45A8-B756-B1EC829ED2B1}"
EndProject
Project("{9A19103F-16F7-4668-BE54-9A1E7A4F7556}") = "ES.FX.Migrations", "src\ES.FX.Migrations\ES.FX.Migrations.csproj", "{C02A58D5-D662-422C-BE31-6458902F0096}"
EndProject
Project("{9A19103F-16F7-4668-BE54-9A1E7A4F7556}") = "ES.FX.Serilog", "src\ES.FX.Serilog\ES.FX.Serilog.csproj", "{83F22077-88DC-409C-8F24-1D4263372F0C}"
EndProject
Project("{9A19103F-16F7-4668-BE54-9A1E7A4F7556}") = "ES.FX.Ignite.Microsoft.EntityFrameworkCore.SqlServer", "src\ES.FX.Ignite.Microsoft.EntityFrameworkCore.SqlServer\ES.FX.Ignite.Microsoft.EntityFrameworkCore.SqlServer.csproj", "{BBEBE438-6C1E-4415-A194-B9BFA37041FD}"
EndProject
Project("{9A19103F-16F7-4668-BE54-9A1E7A4F7556}") = "ES.FX.Ignite.Migrations", "src\ES.FX.Ignite.Migrations\ES.FX.Ignite.Migrations.csproj", "{AA84032A-F03E-4F29-A9F8-B6DBA62C8BBA}"
EndProject
Project("{9A19103F-16F7-4668-BE54-9A1E7A4F7556}") = "ES.FX.Ignite.Serilog", "src\ES.FX.Ignite.Serilog\ES.FX.Ignite.Serilog.csproj", "{C2D1FC07-5A25-499A-B2AB-5FFC38802019}"
EndProject
Project("{9A19103F-16F7-4668-BE54-9A1E7A4F7556}") = "ES.FX.Ignite.Spark", "src\ES.FX.Ignite.Spark\ES.FX.Ignite.Spark.csproj", "{BDD026D8-59C0-4B90-83AA-7C1B75082117}"
EndProject
Project("{2150E333-8FDC-42A3-9474-1A3956D46DE8}") = "playground", "playground", "{9EF9C5BD-97AA-4E59-A84B-9B7FCCE87649}"
EndProject
Project("{2150E333-8FDC-42A3-9474-1A3956D46DE8}") = ".src", ".src", "{C08180CD-7BF7-4138-B1CA-DE0DCF339CB5}"
EndProject
Project("{9A19103F-16F7-4668-BE54-9A1E7A4F7556}") = "ES.FX.Tests", "tests\ES.FX.Tests\ES.FX.Tests.csproj", "{98158873-3DBC-4A0F-A799-71126B838026}"
EndProject
Project("{9A19103F-16F7-4668-BE54-9A1E7A4F7556}") = "Playground.SimpleConsole", "playground\Playground.SimpleConsole\Playground.SimpleConsole.csproj", "{7E7411A2-EA67-492B-B159-D15F9CB9B2FA}"
EndProject
Project("{9A19103F-16F7-4668-BE54-9A1E7A4F7556}") = "Playground.Microservice.Api.Host", "playground\Playground.Microservice.Api.Host\Playground.Microservice.Api.Host.csproj", "{1989335E-8FBC-498D-8293-F3816EF36F15}"
EndProject
Project("{2150E333-8FDC-42A3-9474-1A3956D46DE8}") = "shared", "shared", "{BD8EB348-8F5D-41BB-BA2E-6D5C7A71FAB5}"
EndProject
Project("{9A19103F-16F7-4668-BE54-9A1E7A4F7556}") = "Playground.Shared.Data.Simple.EntityFrameworkCore", "playground\Playground.Shared.Data.Simple.EntityFrameworkCore\Playground.Shared.Data.Simple.EntityFrameworkCore.csproj", "{E561B8AC-C07F-443E-8296-B81EEC5FA5C0}"
EndProject
Project("{9A19103F-16F7-4668-BE54-9A1E7A4F7556}") = "Playground.Shared.Data.Simple.EntityFrameworkCore.SqlServer", "playground\Playground.Shared.Data.Simple.EntityFrameworkCore.SqlServer\Playground.Shared.Data.Simple.EntityFrameworkCore.SqlServer.csproj", "{8234178C-1342-478B-B702-59032587531F}"
EndProject
Project("{9A19103F-16F7-4668-BE54-9A1E7A4F7556}") = "Playground.Microservice.Worker.Host", "playground\Playground.Microservice.Worker.Host\Playground.Microservice.Worker.Host.csproj", "{9020A791-C5C4-4D4A-B495-A8DC42559316}"
EndProject
Project("{2150E333-8FDC-42A3-9474-1A3956D46DE8}") = "Shared", "Shared", "{A86D1628-AA35-400B-99C9-C59FB7F2AB65}"
EndProject
Project("{9A19103F-16F7-4668-BE54-9A1E7A4F7556}") = "ES.FX.Ignite.Microsoft.EntityFrameworkCore.SqlServer.Tests", "tests\ES.FX.Ignite.Microsoft.EntityFrameworkCore.SqlServer.Tests\ES.FX.Ignite.Microsoft.EntityFrameworkCore.SqlServer.Tests.csproj", "{525CEE29-DFC4-4497-AE1A-8B267B404201}"
EndProject
Project("{9A19103F-16F7-4668-BE54-9A1E7A4F7556}") = "ES.FX.Ignite.Microsoft.EntityFrameworkCore.Tests", "tests\ES.FX.Ignite.Microsoft.EntityFrameworkCore.Tests\ES.FX.Ignite.Microsoft.EntityFrameworkCore.Tests.csproj", "{0AAE113B-7D85-477C-A72C-55B8C8BED049}"
EndProject
Project("{9A19103F-16F7-4668-BE54-9A1E7A4F7556}") = "ES.FX.Ignite.Spark.Tests", "tests\ES.FX.Ignite.Spark.Tests\ES.FX.Ignite.Spark.Tests.csproj", "{E0F4DFC2-46E3-4EF6-AA9D-71F0B73911D3}"
EndProject
Project("{9A19103F-16F7-4668-BE54-9A1E7A4F7556}") = "ES.FX.Shared.SqlServer.Tests", "tests\ES.FX.Shared.SqlServer.Tests\ES.FX.Shared.SqlServer.Tests.csproj", "{938AE7EF-E227-4EED-912D-43A9AEF614B5}"
EndProject
Project("{9A19103F-16F7-4668-BE54-9A1E7A4F7556}") = "ES.FX.Ignite.Microsoft.Data.SqlClient", "src\ES.FX.Ignite.Microsoft.Data.SqlClient\ES.FX.Ignite.Microsoft.Data.SqlClient.csproj", "{DB1966F4-AF4B-4E04-97FD-01F0E994EDA0}"
EndProject
Project("{9A19103F-16F7-4668-BE54-9A1E7A4F7556}") = "ES.FX.Microsoft.Data.SqlClient", "src\ES.FX.Microsoft.Data.SqlClient\ES.FX.Microsoft.Data.SqlClient.csproj", "{EDFC5F9A-F0F6-46E0-A3DC-9B81F5115327}"
EndProject
Project("{9A19103F-16F7-4668-BE54-9A1E7A4F7556}") = "ES.FX.Ignite.Microsoft.Data.SqlClient.Tests", "tests\ES.FX.Ignite.Microsoft.Data.SqlClient.Tests\ES.FX.Ignite.Microsoft.Data.SqlClient.Tests.csproj", "{F78162A1-433B-4245-99FB-6C0B9E7B05C0}"
EndProject
Project("{9A19103F-16F7-4668-BE54-9A1E7A4F7556}") = "ES.FX.Ignite.AspNetCore.HealthChecks.UI", "src\ES.FX.Ignite.AspNetCore.HealthChecks.UI\ES.FX.Ignite.AspNetCore.HealthChecks.UI.csproj", "{63DEC81A-B8A1-4166-8162-6F71E9D0783F}"
EndProject
Project("{9A19103F-16F7-4668-BE54-9A1E7A4F7556}") = "ES.FX.AspNetCore.HealthChecks.UI", "src\ES.FX.AspNetCore.HealthChecks.UI\ES.FX.AspNetCore.HealthChecks.UI.csproj", "{BC9B5CA3-54F0-4194-8056-45729087FDC3}"
EndProject
Project("{9A19103F-16F7-4668-BE54-9A1E7A4F7556}") = "ES.FX.Microsoft.Extensions.Diagnostics.HealthChecks", "src\ES.FX.Microsoft.Extensions.Diagnostics.HealthChecks\ES.FX.Microsoft.Extensions.Diagnostics.HealthChecks.csproj", "{6859E590-8534-41DE-B684-DE44C3A7061E}"
EndProject
Project("{9A19103F-16F7-4668-BE54-9A1E7A4F7556}") = "ES.FX.Microsoft.EntityFrameworkCore.SqlServer", "src\ES.FX.Microsoft.EntityFrameworkCore.SqlServer\ES.FX.Microsoft.EntityFrameworkCore.SqlServer.csproj", "{9CFA0CB8-0E85-47DC-8C94-9D77CBC0A315}"
EndProject
Project("{9A19103F-16F7-4668-BE54-9A1E7A4F7556}") = "ES.FX.Ignite.FluentValidation", "src\ES.FX.Ignite.FluentValidation\ES.FX.Ignite.FluentValidation.csproj", "{DD1A7896-2FA7-4048-8716-514153091B96}"
EndProject
Project("{9A19103F-16F7-4668-BE54-9A1E7A4F7556}") = "ES.FX.Ignite.Swashbuckle", "src\ES.FX.Ignite.Swashbuckle\ES.FX.Ignite.Swashbuckle.csproj", "{4635FE85-68EE-4A0A-A22D-815F2C98DC0C}"
EndProject
Project("{9A19103F-16F7-4668-BE54-9A1E7A4F7556}") = "ES.FX.Asp.Versioning", "src\ES.FX.Asp.Versioning\ES.FX.Asp.Versioning.csproj", "{7B8EDFF3-80FE-4944-ABE7-E8F5384C494E}"
EndProject
Project("{9A19103F-16F7-4668-BE54-9A1E7A4F7556}") = "ES.FX.NSwag.AspNetCore", "src\ES.FX.NSwag.AspNetCore\ES.FX.NSwag.AspNetCore.csproj", "{33946AFA-53DB-47D6-B0D1-1B68B916C36E}"
EndProject
Project("{9A19103F-16F7-4668-BE54-9A1E7A4F7556}") = "ES.FX.Ignite.Asp.Versioning", "src\ES.FX.Ignite.Asp.Versioning\ES.FX.Ignite.Asp.Versioning.csproj", "{E70FE541-4DCB-4712-AA34-2A1AE973EA52}"
EndProject
Project("{9A19103F-16F7-4668-BE54-9A1E7A4F7556}") = "ES.FX.Ignite", "src\ES.FX.Ignite\ES.FX.Ignite.csproj", "{E28F7C00-208F-4A6F-B716-C4270C3A65C0}"
EndProject
Project("{9A19103F-16F7-4668-BE54-9A1E7A4F7556}") = "ES.FX.Ignite.OpenTelemetry.Exporter.Seq", "src\ES.FX.Ignite.OpenTelemetry.Exporter.Seq\ES.FX.Ignite.OpenTelemetry.Exporter.Seq.csproj", "{F46C82AB-E3D9-4C58-9FCC-1F7AAE46A1BC}"
EndProject
Project("{9A19103F-16F7-4668-BE54-9A1E7A4F7556}") = "ES.FX.Ignite.NSwag", "src\ES.FX.Ignite.NSwag\ES.FX.Ignite.NSwag.csproj", "{9F9B0C16-DBF3-41BD-B172-E850D251AEB0}"
EndProject
Project("{9A19103F-16F7-4668-BE54-9A1E7A4F7556}") = "ES.FX.Hosting.Tests", "tests\ES.FX.Hosting.Tests\ES.FX.Hosting.Tests.csproj", "{6086BB51-ABAD-465F-9D6D-87FD97927AD6}"
EndProject
Project("{9A19103F-16F7-4668-BE54-9A1E7A4F7556}") = "ES.FX.Microsoft.Data.SqlClient.Tests", "tests\ES.FX.Microsoft.Data.SqlClient.Tests\ES.FX.Microsoft.Data.SqlClient.Tests.csproj", "{9274296F-42A3-4095-95DC-8CA1D427DE60}"
EndProject
Project("{9A19103F-16F7-4668-BE54-9A1E7A4F7556}") = "ES.FX.Microsoft.EntityFrameworkCore.Tests", "tests\ES.FX.Microsoft.EntityFrameworkCore.Tests\ES.FX.Microsoft.EntityFrameworkCore.Tests.csproj", "{89C8302F-76B7-4AF8-891B-A7EB97C204F5}"
EndProject
Project("{9A19103F-16F7-4668-BE54-9A1E7A4F7556}") = "ES.FX.NSwag.AspNetCore.Tests", "tests\ES.FX.NSwag.AspNetCore.Tests\ES.FX.NSwag.AspNetCore.Tests.csproj", "{3863B20A-E9FE-439B-867D-9CA193A295C4}"
EndProject
Project("{9A19103F-16F7-4668-BE54-9A1E7A4F7556}") = "ES.FX.Serilog.Tests", "tests\ES.FX.Serilog.Tests\ES.FX.Serilog.Tests.csproj", "{8B701432-0E07-4AC8-A54A-D9FD88A45043}"
EndProject
Project("{9A19103F-16F7-4668-BE54-9A1E7A4F7556}") = "ES.FX.Ignite.Tests", "tests\ES.FX.Ignite.Tests\ES.FX.Ignite.Tests.csproj", "{5E081A76-1E5F-49D2-B348-1C620A6A7727}"
EndProject
Project("{9A19103F-16F7-4668-BE54-9A1E7A4F7556}") = "ES.FX.Asp.Versioning.Tests", "tests\ES.FX.Asp.Versioning.Tests\ES.FX.Asp.Versioning.Tests.csproj", "{4E666CED-0981-489C-ACAF-DF324460E206}"
EndProject
Project("{9A19103F-16F7-4668-BE54-9A1E7A4F7556}") = "ES.FX.Ignite.Asp.Versioning.Tests", "tests\ES.FX.Ignite.Asp.Versioning.Tests\ES.FX.Ignite.Asp.Versioning.Tests.csproj", "{FCDEF616-D361-4189-828B-E5DAFA874A8D}"
EndProject
Project("{9A19103F-16F7-4668-BE54-9A1E7A4F7556}") = "ES.FX.Ignite.AspNetCore.HealthChecks.UI.Tests", "tests\ES.FX.Ignite.AspNetCore.HealthChecks.UI.Tests\ES.FX.Ignite.AspNetCore.HealthChecks.UI.Tests.csproj", "{1845482B-099A-4AD7-AFF0-8A26D50BEE9B}"
EndProject
Project("{9A19103F-16F7-4668-BE54-9A1E7A4F7556}") = "ES.FX.Ignite.FluentValidation.Tests", "tests\ES.FX.Ignite.FluentValidation.Tests\ES.FX.Ignite.FluentValidation.Tests.csproj", "{B8852433-2403-44D4-9F1A-CBC3D2B2D308}"
EndProject
Project("{9A19103F-16F7-4668-BE54-9A1E7A4F7556}") = "ES.FX.Ignite.AspNetCore.HealthChecks.UI.Tests.SUT", "tests\ES.FX.Ignite.AspNetCore.HealthChecks.UI.Tests.SUT\ES.FX.Ignite.AspNetCore.HealthChecks.UI.Tests.SUT.csproj", "{114AEEC9-5002-447A-B8F8-935407D56601}"
EndProject
Project("{9A19103F-16F7-4668-BE54-9A1E7A4F7556}") = "ES.FX.Ignite.FluentValidation.Tests.SUT", "tests\ES.FX.Ignite.FluentValidation.Tests.SUT\ES.FX.Ignite.FluentValidation.Tests.SUT.csproj", "{8C7D4F05-178B-49D3-9FDE-4A591D3DB78C}"
EndProject
Project("{FAE04EC0-301F-11D3-BF4B-00C04F79EFBC}") = "ES.FX.Ignite.Migrations.Tests", "tests\ES.FX.Ignite.Migrations.Tests\ES.FX.Ignite.Migrations.Tests.csproj", "{105EE73D-2C22-4686-BFAC-0D2AA78BBEE4}"
EndProject
Project("{FAE04EC0-301F-11D3-BF4B-00C04F79EFBC}") = "ES.FX.Ignite.NSwag.Tests", "tests\ES.FX.Ignite.NSwag.Tests\ES.FX.Ignite.NSwag.Tests.csproj", "{4E6AAC13-3099-485F-9E28-94A5315FFC59}"
EndProject
Project("{FAE04EC0-301F-11D3-BF4B-00C04F79EFBC}") = "ES.FX.Ignite.NSwag.Tests.SUT", "tests\ES.FX.Ignite.NSwag.Tests.SUT\ES.FX.Ignite.NSwag.Tests.SUT.csproj", "{0E9361C2-F1BA-4549-9842-A38B515830E4}"
EndProject
Global
	GlobalSection(SolutionConfigurationPlatforms) = preSolution
		Debug|Any CPU = Debug|Any CPU
		Release|Any CPU = Release|Any CPU
	EndGlobalSection
	GlobalSection(ProjectConfigurationPlatforms) = postSolution
		{59D82B3D-BB0E-48EE-A794-2FF5ED2A7933}.Debug|Any CPU.ActiveCfg = Debug|Any CPU
		{59D82B3D-BB0E-48EE-A794-2FF5ED2A7933}.Debug|Any CPU.Build.0 = Debug|Any CPU
		{59D82B3D-BB0E-48EE-A794-2FF5ED2A7933}.Release|Any CPU.ActiveCfg = Release|Any CPU
		{59D82B3D-BB0E-48EE-A794-2FF5ED2A7933}.Release|Any CPU.Build.0 = Release|Any CPU
		{35BDE65B-418E-4893-93D4-5E4FBD70485B}.Debug|Any CPU.ActiveCfg = Debug|Any CPU
		{35BDE65B-418E-4893-93D4-5E4FBD70485B}.Debug|Any CPU.Build.0 = Debug|Any CPU
		{35BDE65B-418E-4893-93D4-5E4FBD70485B}.Release|Any CPU.ActiveCfg = Release|Any CPU
		{35BDE65B-418E-4893-93D4-5E4FBD70485B}.Release|Any CPU.Build.0 = Release|Any CPU
		{18C11FC1-BB81-454B-863E-09E800C92744}.Debug|Any CPU.ActiveCfg = Debug|Any CPU
		{18C11FC1-BB81-454B-863E-09E800C92744}.Debug|Any CPU.Build.0 = Debug|Any CPU
		{18C11FC1-BB81-454B-863E-09E800C92744}.Release|Any CPU.ActiveCfg = Release|Any CPU
		{18C11FC1-BB81-454B-863E-09E800C92744}.Release|Any CPU.Build.0 = Release|Any CPU
		{CE5F8B87-AF97-45A8-B756-B1EC829ED2B1}.Debug|Any CPU.ActiveCfg = Debug|Any CPU
		{CE5F8B87-AF97-45A8-B756-B1EC829ED2B1}.Debug|Any CPU.Build.0 = Debug|Any CPU
		{CE5F8B87-AF97-45A8-B756-B1EC829ED2B1}.Release|Any CPU.ActiveCfg = Release|Any CPU
		{CE5F8B87-AF97-45A8-B756-B1EC829ED2B1}.Release|Any CPU.Build.0 = Release|Any CPU
		{C02A58D5-D662-422C-BE31-6458902F0096}.Debug|Any CPU.ActiveCfg = Debug|Any CPU
		{C02A58D5-D662-422C-BE31-6458902F0096}.Debug|Any CPU.Build.0 = Debug|Any CPU
		{C02A58D5-D662-422C-BE31-6458902F0096}.Release|Any CPU.ActiveCfg = Release|Any CPU
		{C02A58D5-D662-422C-BE31-6458902F0096}.Release|Any CPU.Build.0 = Release|Any CPU
		{83F22077-88DC-409C-8F24-1D4263372F0C}.Debug|Any CPU.ActiveCfg = Debug|Any CPU
		{83F22077-88DC-409C-8F24-1D4263372F0C}.Debug|Any CPU.Build.0 = Debug|Any CPU
		{83F22077-88DC-409C-8F24-1D4263372F0C}.Release|Any CPU.ActiveCfg = Release|Any CPU
		{83F22077-88DC-409C-8F24-1D4263372F0C}.Release|Any CPU.Build.0 = Release|Any CPU
		{BBEBE438-6C1E-4415-A194-B9BFA37041FD}.Debug|Any CPU.ActiveCfg = Debug|Any CPU
		{BBEBE438-6C1E-4415-A194-B9BFA37041FD}.Debug|Any CPU.Build.0 = Debug|Any CPU
		{BBEBE438-6C1E-4415-A194-B9BFA37041FD}.Release|Any CPU.ActiveCfg = Release|Any CPU
		{BBEBE438-6C1E-4415-A194-B9BFA37041FD}.Release|Any CPU.Build.0 = Release|Any CPU
		{AA84032A-F03E-4F29-A9F8-B6DBA62C8BBA}.Debug|Any CPU.ActiveCfg = Debug|Any CPU
		{AA84032A-F03E-4F29-A9F8-B6DBA62C8BBA}.Debug|Any CPU.Build.0 = Debug|Any CPU
		{AA84032A-F03E-4F29-A9F8-B6DBA62C8BBA}.Release|Any CPU.ActiveCfg = Release|Any CPU
		{AA84032A-F03E-4F29-A9F8-B6DBA62C8BBA}.Release|Any CPU.Build.0 = Release|Any CPU
		{C2D1FC07-5A25-499A-B2AB-5FFC38802019}.Debug|Any CPU.ActiveCfg = Debug|Any CPU
		{C2D1FC07-5A25-499A-B2AB-5FFC38802019}.Debug|Any CPU.Build.0 = Debug|Any CPU
		{C2D1FC07-5A25-499A-B2AB-5FFC38802019}.Release|Any CPU.ActiveCfg = Release|Any CPU
		{C2D1FC07-5A25-499A-B2AB-5FFC38802019}.Release|Any CPU.Build.0 = Release|Any CPU
		{BDD026D8-59C0-4B90-83AA-7C1B75082117}.Debug|Any CPU.ActiveCfg = Debug|Any CPU
		{BDD026D8-59C0-4B90-83AA-7C1B75082117}.Debug|Any CPU.Build.0 = Debug|Any CPU
		{BDD026D8-59C0-4B90-83AA-7C1B75082117}.Release|Any CPU.ActiveCfg = Release|Any CPU
		{BDD026D8-59C0-4B90-83AA-7C1B75082117}.Release|Any CPU.Build.0 = Release|Any CPU
		{98158873-3DBC-4A0F-A799-71126B838026}.Debug|Any CPU.ActiveCfg = Debug|Any CPU
		{98158873-3DBC-4A0F-A799-71126B838026}.Debug|Any CPU.Build.0 = Debug|Any CPU
		{98158873-3DBC-4A0F-A799-71126B838026}.Release|Any CPU.ActiveCfg = Release|Any CPU
		{98158873-3DBC-4A0F-A799-71126B838026}.Release|Any CPU.Build.0 = Release|Any CPU
		{7E7411A2-EA67-492B-B159-D15F9CB9B2FA}.Debug|Any CPU.ActiveCfg = Debug|Any CPU
		{7E7411A2-EA67-492B-B159-D15F9CB9B2FA}.Debug|Any CPU.Build.0 = Debug|Any CPU
		{7E7411A2-EA67-492B-B159-D15F9CB9B2FA}.Release|Any CPU.ActiveCfg = Release|Any CPU
		{7E7411A2-EA67-492B-B159-D15F9CB9B2FA}.Release|Any CPU.Build.0 = Release|Any CPU
		{1989335E-8FBC-498D-8293-F3816EF36F15}.Debug|Any CPU.ActiveCfg = Debug|Any CPU
		{1989335E-8FBC-498D-8293-F3816EF36F15}.Debug|Any CPU.Build.0 = Debug|Any CPU
		{1989335E-8FBC-498D-8293-F3816EF36F15}.Release|Any CPU.ActiveCfg = Release|Any CPU
		{1989335E-8FBC-498D-8293-F3816EF36F15}.Release|Any CPU.Build.0 = Release|Any CPU
		{E561B8AC-C07F-443E-8296-B81EEC5FA5C0}.Debug|Any CPU.ActiveCfg = Debug|Any CPU
		{E561B8AC-C07F-443E-8296-B81EEC5FA5C0}.Debug|Any CPU.Build.0 = Debug|Any CPU
		{E561B8AC-C07F-443E-8296-B81EEC5FA5C0}.Release|Any CPU.ActiveCfg = Release|Any CPU
		{E561B8AC-C07F-443E-8296-B81EEC5FA5C0}.Release|Any CPU.Build.0 = Release|Any CPU
		{8234178C-1342-478B-B702-59032587531F}.Debug|Any CPU.ActiveCfg = Debug|Any CPU
		{8234178C-1342-478B-B702-59032587531F}.Debug|Any CPU.Build.0 = Debug|Any CPU
		{8234178C-1342-478B-B702-59032587531F}.Release|Any CPU.ActiveCfg = Release|Any CPU
		{8234178C-1342-478B-B702-59032587531F}.Release|Any CPU.Build.0 = Release|Any CPU
		{9020A791-C5C4-4D4A-B495-A8DC42559316}.Debug|Any CPU.ActiveCfg = Debug|Any CPU
		{9020A791-C5C4-4D4A-B495-A8DC42559316}.Debug|Any CPU.Build.0 = Debug|Any CPU
		{9020A791-C5C4-4D4A-B495-A8DC42559316}.Release|Any CPU.ActiveCfg = Release|Any CPU
		{9020A791-C5C4-4D4A-B495-A8DC42559316}.Release|Any CPU.Build.0 = Release|Any CPU
		{525CEE29-DFC4-4497-AE1A-8B267B404201}.Debug|Any CPU.ActiveCfg = Debug|Any CPU
		{525CEE29-DFC4-4497-AE1A-8B267B404201}.Debug|Any CPU.Build.0 = Debug|Any CPU
		{525CEE29-DFC4-4497-AE1A-8B267B404201}.Release|Any CPU.ActiveCfg = Release|Any CPU
		{525CEE29-DFC4-4497-AE1A-8B267B404201}.Release|Any CPU.Build.0 = Release|Any CPU
		{0AAE113B-7D85-477C-A72C-55B8C8BED049}.Debug|Any CPU.ActiveCfg = Debug|Any CPU
		{0AAE113B-7D85-477C-A72C-55B8C8BED049}.Debug|Any CPU.Build.0 = Debug|Any CPU
		{0AAE113B-7D85-477C-A72C-55B8C8BED049}.Release|Any CPU.ActiveCfg = Release|Any CPU
		{0AAE113B-7D85-477C-A72C-55B8C8BED049}.Release|Any CPU.Build.0 = Release|Any CPU
		{E0F4DFC2-46E3-4EF6-AA9D-71F0B73911D3}.Debug|Any CPU.ActiveCfg = Debug|Any CPU
		{E0F4DFC2-46E3-4EF6-AA9D-71F0B73911D3}.Debug|Any CPU.Build.0 = Debug|Any CPU
		{E0F4DFC2-46E3-4EF6-AA9D-71F0B73911D3}.Release|Any CPU.ActiveCfg = Release|Any CPU
		{E0F4DFC2-46E3-4EF6-AA9D-71F0B73911D3}.Release|Any CPU.Build.0 = Release|Any CPU
		{938AE7EF-E227-4EED-912D-43A9AEF614B5}.Debug|Any CPU.ActiveCfg = Debug|Any CPU
		{938AE7EF-E227-4EED-912D-43A9AEF614B5}.Debug|Any CPU.Build.0 = Debug|Any CPU
		{938AE7EF-E227-4EED-912D-43A9AEF614B5}.Release|Any CPU.ActiveCfg = Release|Any CPU
		{938AE7EF-E227-4EED-912D-43A9AEF614B5}.Release|Any CPU.Build.0 = Release|Any CPU
		{DB1966F4-AF4B-4E04-97FD-01F0E994EDA0}.Debug|Any CPU.ActiveCfg = Debug|Any CPU
		{DB1966F4-AF4B-4E04-97FD-01F0E994EDA0}.Debug|Any CPU.Build.0 = Debug|Any CPU
		{DB1966F4-AF4B-4E04-97FD-01F0E994EDA0}.Release|Any CPU.ActiveCfg = Release|Any CPU
		{DB1966F4-AF4B-4E04-97FD-01F0E994EDA0}.Release|Any CPU.Build.0 = Release|Any CPU
		{EDFC5F9A-F0F6-46E0-A3DC-9B81F5115327}.Debug|Any CPU.ActiveCfg = Debug|Any CPU
		{EDFC5F9A-F0F6-46E0-A3DC-9B81F5115327}.Debug|Any CPU.Build.0 = Debug|Any CPU
		{EDFC5F9A-F0F6-46E0-A3DC-9B81F5115327}.Release|Any CPU.ActiveCfg = Release|Any CPU
		{EDFC5F9A-F0F6-46E0-A3DC-9B81F5115327}.Release|Any CPU.Build.0 = Release|Any CPU
		{F78162A1-433B-4245-99FB-6C0B9E7B05C0}.Debug|Any CPU.ActiveCfg = Debug|Any CPU
		{F78162A1-433B-4245-99FB-6C0B9E7B05C0}.Debug|Any CPU.Build.0 = Debug|Any CPU
		{F78162A1-433B-4245-99FB-6C0B9E7B05C0}.Release|Any CPU.ActiveCfg = Release|Any CPU
		{F78162A1-433B-4245-99FB-6C0B9E7B05C0}.Release|Any CPU.Build.0 = Release|Any CPU
		{63DEC81A-B8A1-4166-8162-6F71E9D0783F}.Debug|Any CPU.ActiveCfg = Debug|Any CPU
		{63DEC81A-B8A1-4166-8162-6F71E9D0783F}.Debug|Any CPU.Build.0 = Debug|Any CPU
		{63DEC81A-B8A1-4166-8162-6F71E9D0783F}.Release|Any CPU.ActiveCfg = Release|Any CPU
		{63DEC81A-B8A1-4166-8162-6F71E9D0783F}.Release|Any CPU.Build.0 = Release|Any CPU
		{BC9B5CA3-54F0-4194-8056-45729087FDC3}.Debug|Any CPU.ActiveCfg = Debug|Any CPU
		{BC9B5CA3-54F0-4194-8056-45729087FDC3}.Debug|Any CPU.Build.0 = Debug|Any CPU
		{BC9B5CA3-54F0-4194-8056-45729087FDC3}.Release|Any CPU.ActiveCfg = Release|Any CPU
		{BC9B5CA3-54F0-4194-8056-45729087FDC3}.Release|Any CPU.Build.0 = Release|Any CPU
		{6859E590-8534-41DE-B684-DE44C3A7061E}.Debug|Any CPU.ActiveCfg = Debug|Any CPU
		{6859E590-8534-41DE-B684-DE44C3A7061E}.Debug|Any CPU.Build.0 = Debug|Any CPU
		{6859E590-8534-41DE-B684-DE44C3A7061E}.Release|Any CPU.ActiveCfg = Release|Any CPU
		{6859E590-8534-41DE-B684-DE44C3A7061E}.Release|Any CPU.Build.0 = Release|Any CPU
		{9CFA0CB8-0E85-47DC-8C94-9D77CBC0A315}.Debug|Any CPU.ActiveCfg = Debug|Any CPU
		{9CFA0CB8-0E85-47DC-8C94-9D77CBC0A315}.Debug|Any CPU.Build.0 = Debug|Any CPU
		{9CFA0CB8-0E85-47DC-8C94-9D77CBC0A315}.Release|Any CPU.ActiveCfg = Release|Any CPU
		{9CFA0CB8-0E85-47DC-8C94-9D77CBC0A315}.Release|Any CPU.Build.0 = Release|Any CPU
		{DD1A7896-2FA7-4048-8716-514153091B96}.Debug|Any CPU.ActiveCfg = Debug|Any CPU
		{DD1A7896-2FA7-4048-8716-514153091B96}.Debug|Any CPU.Build.0 = Debug|Any CPU
		{DD1A7896-2FA7-4048-8716-514153091B96}.Release|Any CPU.ActiveCfg = Release|Any CPU
		{DD1A7896-2FA7-4048-8716-514153091B96}.Release|Any CPU.Build.0 = Release|Any CPU
		{4635FE85-68EE-4A0A-A22D-815F2C98DC0C}.Debug|Any CPU.ActiveCfg = Debug|Any CPU
		{4635FE85-68EE-4A0A-A22D-815F2C98DC0C}.Debug|Any CPU.Build.0 = Debug|Any CPU
		{4635FE85-68EE-4A0A-A22D-815F2C98DC0C}.Release|Any CPU.ActiveCfg = Release|Any CPU
		{4635FE85-68EE-4A0A-A22D-815F2C98DC0C}.Release|Any CPU.Build.0 = Release|Any CPU
		{7B8EDFF3-80FE-4944-ABE7-E8F5384C494E}.Debug|Any CPU.ActiveCfg = Debug|Any CPU
		{7B8EDFF3-80FE-4944-ABE7-E8F5384C494E}.Debug|Any CPU.Build.0 = Debug|Any CPU
		{7B8EDFF3-80FE-4944-ABE7-E8F5384C494E}.Release|Any CPU.ActiveCfg = Release|Any CPU
		{7B8EDFF3-80FE-4944-ABE7-E8F5384C494E}.Release|Any CPU.Build.0 = Release|Any CPU
		{33946AFA-53DB-47D6-B0D1-1B68B916C36E}.Debug|Any CPU.ActiveCfg = Debug|Any CPU
		{33946AFA-53DB-47D6-B0D1-1B68B916C36E}.Debug|Any CPU.Build.0 = Debug|Any CPU
		{33946AFA-53DB-47D6-B0D1-1B68B916C36E}.Release|Any CPU.ActiveCfg = Release|Any CPU
		{33946AFA-53DB-47D6-B0D1-1B68B916C36E}.Release|Any CPU.Build.0 = Release|Any CPU
		{E70FE541-4DCB-4712-AA34-2A1AE973EA52}.Debug|Any CPU.ActiveCfg = Debug|Any CPU
		{E70FE541-4DCB-4712-AA34-2A1AE973EA52}.Debug|Any CPU.Build.0 = Debug|Any CPU
		{E70FE541-4DCB-4712-AA34-2A1AE973EA52}.Release|Any CPU.ActiveCfg = Release|Any CPU
		{E70FE541-4DCB-4712-AA34-2A1AE973EA52}.Release|Any CPU.Build.0 = Release|Any CPU
		{E28F7C00-208F-4A6F-B716-C4270C3A65C0}.Debug|Any CPU.ActiveCfg = Debug|Any CPU
		{E28F7C00-208F-4A6F-B716-C4270C3A65C0}.Debug|Any CPU.Build.0 = Debug|Any CPU
		{E28F7C00-208F-4A6F-B716-C4270C3A65C0}.Release|Any CPU.ActiveCfg = Release|Any CPU
		{E28F7C00-208F-4A6F-B716-C4270C3A65C0}.Release|Any CPU.Build.0 = Release|Any CPU
		{F46C82AB-E3D9-4C58-9FCC-1F7AAE46A1BC}.Debug|Any CPU.ActiveCfg = Debug|Any CPU
		{F46C82AB-E3D9-4C58-9FCC-1F7AAE46A1BC}.Debug|Any CPU.Build.0 = Debug|Any CPU
		{F46C82AB-E3D9-4C58-9FCC-1F7AAE46A1BC}.Release|Any CPU.ActiveCfg = Release|Any CPU
		{F46C82AB-E3D9-4C58-9FCC-1F7AAE46A1BC}.Release|Any CPU.Build.0 = Release|Any CPU
		{9F9B0C16-DBF3-41BD-B172-E850D251AEB0}.Debug|Any CPU.ActiveCfg = Debug|Any CPU
		{9F9B0C16-DBF3-41BD-B172-E850D251AEB0}.Debug|Any CPU.Build.0 = Debug|Any CPU
		{9F9B0C16-DBF3-41BD-B172-E850D251AEB0}.Release|Any CPU.ActiveCfg = Release|Any CPU
		{9F9B0C16-DBF3-41BD-B172-E850D251AEB0}.Release|Any CPU.Build.0 = Release|Any CPU
		{6086BB51-ABAD-465F-9D6D-87FD97927AD6}.Debug|Any CPU.ActiveCfg = Debug|Any CPU
		{6086BB51-ABAD-465F-9D6D-87FD97927AD6}.Debug|Any CPU.Build.0 = Debug|Any CPU
		{6086BB51-ABAD-465F-9D6D-87FD97927AD6}.Release|Any CPU.ActiveCfg = Release|Any CPU
		{6086BB51-ABAD-465F-9D6D-87FD97927AD6}.Release|Any CPU.Build.0 = Release|Any CPU
		{9274296F-42A3-4095-95DC-8CA1D427DE60}.Debug|Any CPU.ActiveCfg = Debug|Any CPU
		{9274296F-42A3-4095-95DC-8CA1D427DE60}.Debug|Any CPU.Build.0 = Debug|Any CPU
		{9274296F-42A3-4095-95DC-8CA1D427DE60}.Release|Any CPU.ActiveCfg = Release|Any CPU
		{9274296F-42A3-4095-95DC-8CA1D427DE60}.Release|Any CPU.Build.0 = Release|Any CPU
		{89C8302F-76B7-4AF8-891B-A7EB97C204F5}.Debug|Any CPU.ActiveCfg = Debug|Any CPU
		{89C8302F-76B7-4AF8-891B-A7EB97C204F5}.Debug|Any CPU.Build.0 = Debug|Any CPU
		{89C8302F-76B7-4AF8-891B-A7EB97C204F5}.Release|Any CPU.ActiveCfg = Release|Any CPU
		{89C8302F-76B7-4AF8-891B-A7EB97C204F5}.Release|Any CPU.Build.0 = Release|Any CPU
		{3863B20A-E9FE-439B-867D-9CA193A295C4}.Debug|Any CPU.ActiveCfg = Debug|Any CPU
		{3863B20A-E9FE-439B-867D-9CA193A295C4}.Debug|Any CPU.Build.0 = Debug|Any CPU
		{3863B20A-E9FE-439B-867D-9CA193A295C4}.Release|Any CPU.ActiveCfg = Release|Any CPU
		{3863B20A-E9FE-439B-867D-9CA193A295C4}.Release|Any CPU.Build.0 = Release|Any CPU
		{8B701432-0E07-4AC8-A54A-D9FD88A45043}.Debug|Any CPU.ActiveCfg = Debug|Any CPU
		{8B701432-0E07-4AC8-A54A-D9FD88A45043}.Debug|Any CPU.Build.0 = Debug|Any CPU
		{8B701432-0E07-4AC8-A54A-D9FD88A45043}.Release|Any CPU.ActiveCfg = Release|Any CPU
		{8B701432-0E07-4AC8-A54A-D9FD88A45043}.Release|Any CPU.Build.0 = Release|Any CPU
		{5E081A76-1E5F-49D2-B348-1C620A6A7727}.Debug|Any CPU.ActiveCfg = Debug|Any CPU
		{5E081A76-1E5F-49D2-B348-1C620A6A7727}.Debug|Any CPU.Build.0 = Debug|Any CPU
		{5E081A76-1E5F-49D2-B348-1C620A6A7727}.Release|Any CPU.ActiveCfg = Release|Any CPU
		{5E081A76-1E5F-49D2-B348-1C620A6A7727}.Release|Any CPU.Build.0 = Release|Any CPU
		{4E666CED-0981-489C-ACAF-DF324460E206}.Debug|Any CPU.ActiveCfg = Debug|Any CPU
		{4E666CED-0981-489C-ACAF-DF324460E206}.Debug|Any CPU.Build.0 = Debug|Any CPU
		{4E666CED-0981-489C-ACAF-DF324460E206}.Release|Any CPU.ActiveCfg = Release|Any CPU
		{4E666CED-0981-489C-ACAF-DF324460E206}.Release|Any CPU.Build.0 = Release|Any CPU
		{FCDEF616-D361-4189-828B-E5DAFA874A8D}.Debug|Any CPU.ActiveCfg = Debug|Any CPU
		{FCDEF616-D361-4189-828B-E5DAFA874A8D}.Debug|Any CPU.Build.0 = Debug|Any CPU
		{FCDEF616-D361-4189-828B-E5DAFA874A8D}.Release|Any CPU.ActiveCfg = Release|Any CPU
		{FCDEF616-D361-4189-828B-E5DAFA874A8D}.Release|Any CPU.Build.0 = Release|Any CPU
		{1845482B-099A-4AD7-AFF0-8A26D50BEE9B}.Debug|Any CPU.ActiveCfg = Debug|Any CPU
		{1845482B-099A-4AD7-AFF0-8A26D50BEE9B}.Debug|Any CPU.Build.0 = Debug|Any CPU
		{1845482B-099A-4AD7-AFF0-8A26D50BEE9B}.Release|Any CPU.ActiveCfg = Release|Any CPU
		{1845482B-099A-4AD7-AFF0-8A26D50BEE9B}.Release|Any CPU.Build.0 = Release|Any CPU
		{B8852433-2403-44D4-9F1A-CBC3D2B2D308}.Debug|Any CPU.ActiveCfg = Debug|Any CPU
		{B8852433-2403-44D4-9F1A-CBC3D2B2D308}.Debug|Any CPU.Build.0 = Debug|Any CPU
		{B8852433-2403-44D4-9F1A-CBC3D2B2D308}.Release|Any CPU.ActiveCfg = Release|Any CPU
		{B8852433-2403-44D4-9F1A-CBC3D2B2D308}.Release|Any CPU.Build.0 = Release|Any CPU
		{114AEEC9-5002-447A-B8F8-935407D56601}.Debug|Any CPU.ActiveCfg = Debug|Any CPU
		{114AEEC9-5002-447A-B8F8-935407D56601}.Debug|Any CPU.Build.0 = Debug|Any CPU
		{114AEEC9-5002-447A-B8F8-935407D56601}.Release|Any CPU.ActiveCfg = Release|Any CPU
		{114AEEC9-5002-447A-B8F8-935407D56601}.Release|Any CPU.Build.0 = Release|Any CPU
		{8C7D4F05-178B-49D3-9FDE-4A591D3DB78C}.Debug|Any CPU.ActiveCfg = Debug|Any CPU
		{8C7D4F05-178B-49D3-9FDE-4A591D3DB78C}.Debug|Any CPU.Build.0 = Debug|Any CPU
		{8C7D4F05-178B-49D3-9FDE-4A591D3DB78C}.Release|Any CPU.ActiveCfg = Release|Any CPU
		{8C7D4F05-178B-49D3-9FDE-4A591D3DB78C}.Release|Any CPU.Build.0 = Release|Any CPU
		{105EE73D-2C22-4686-BFAC-0D2AA78BBEE4}.Debug|Any CPU.ActiveCfg = Debug|Any CPU
		{105EE73D-2C22-4686-BFAC-0D2AA78BBEE4}.Debug|Any CPU.Build.0 = Debug|Any CPU
		{105EE73D-2C22-4686-BFAC-0D2AA78BBEE4}.Release|Any CPU.ActiveCfg = Release|Any CPU
		{105EE73D-2C22-4686-BFAC-0D2AA78BBEE4}.Release|Any CPU.Build.0 = Release|Any CPU
		{4E6AAC13-3099-485F-9E28-94A5315FFC59}.Debug|Any CPU.ActiveCfg = Debug|Any CPU
		{4E6AAC13-3099-485F-9E28-94A5315FFC59}.Debug|Any CPU.Build.0 = Debug|Any CPU
		{4E6AAC13-3099-485F-9E28-94A5315FFC59}.Release|Any CPU.ActiveCfg = Release|Any CPU
		{4E6AAC13-3099-485F-9E28-94A5315FFC59}.Release|Any CPU.Build.0 = Release|Any CPU
		{0E9361C2-F1BA-4549-9842-A38B515830E4}.Debug|Any CPU.ActiveCfg = Debug|Any CPU
		{0E9361C2-F1BA-4549-9842-A38B515830E4}.Debug|Any CPU.Build.0 = Debug|Any CPU
		{0E9361C2-F1BA-4549-9842-A38B515830E4}.Release|Any CPU.ActiveCfg = Release|Any CPU
		{0E9361C2-F1BA-4549-9842-A38B515830E4}.Release|Any CPU.Build.0 = Release|Any CPU
	EndGlobalSection
	GlobalSection(SolutionProperties) = preSolution
		HideSolutionNode = FALSE
	EndGlobalSection
	GlobalSection(NestedProjects) = preSolution
		{F8538BCE-36D3-4317-8C3C-7540117B99A7} = {C08180CD-7BF7-4138-B1CA-DE0DCF339CB5}
		{D8925EFE-9CEE-472F-86E4-24E25B1D7429} = {C08180CD-7BF7-4138-B1CA-DE0DCF339CB5}
		{5A5969AF-86CB-489B-B0DE-C0BAADF5B424} = {D8925EFE-9CEE-472F-86E4-24E25B1D7429}
		{59D82B3D-BB0E-48EE-A794-2FF5ED2A7933} = {F8538BCE-36D3-4317-8C3C-7540117B99A7}
		{35BDE65B-418E-4893-93D4-5E4FBD70485B} = {F8538BCE-36D3-4317-8C3C-7540117B99A7}
		{18C11FC1-BB81-454B-863E-09E800C92744} = {5A5969AF-86CB-489B-B0DE-C0BAADF5B424}
		{CE5F8B87-AF97-45A8-B756-B1EC829ED2B1} = {F8538BCE-36D3-4317-8C3C-7540117B99A7}
		{C02A58D5-D662-422C-BE31-6458902F0096} = {F8538BCE-36D3-4317-8C3C-7540117B99A7}
		{83F22077-88DC-409C-8F24-1D4263372F0C} = {F8538BCE-36D3-4317-8C3C-7540117B99A7}
		{BBEBE438-6C1E-4415-A194-B9BFA37041FD} = {5A5969AF-86CB-489B-B0DE-C0BAADF5B424}
		{AA84032A-F03E-4F29-A9F8-B6DBA62C8BBA} = {5A5969AF-86CB-489B-B0DE-C0BAADF5B424}
		{C2D1FC07-5A25-499A-B2AB-5FFC38802019} = {5A5969AF-86CB-489B-B0DE-C0BAADF5B424}
		{BDD026D8-59C0-4B90-83AA-7C1B75082117} = {D8925EFE-9CEE-472F-86E4-24E25B1D7429}
		{98158873-3DBC-4A0F-A799-71126B838026} = {32548940-0629-46AC-B9BF-E7C41F1C49DE}
		{7E7411A2-EA67-492B-B159-D15F9CB9B2FA} = {9EF9C5BD-97AA-4E59-A84B-9B7FCCE87649}
		{1989335E-8FBC-498D-8293-F3816EF36F15} = {9EF9C5BD-97AA-4E59-A84B-9B7FCCE87649}
		{BD8EB348-8F5D-41BB-BA2E-6D5C7A71FAB5} = {32548940-0629-46AC-B9BF-E7C41F1C49DE}
		{E561B8AC-C07F-443E-8296-B81EEC5FA5C0} = {A86D1628-AA35-400B-99C9-C59FB7F2AB65}
		{8234178C-1342-478B-B702-59032587531F} = {A86D1628-AA35-400B-99C9-C59FB7F2AB65}
		{9020A791-C5C4-4D4A-B495-A8DC42559316} = {9EF9C5BD-97AA-4E59-A84B-9B7FCCE87649}
		{A86D1628-AA35-400B-99C9-C59FB7F2AB65} = {9EF9C5BD-97AA-4E59-A84B-9B7FCCE87649}
		{525CEE29-DFC4-4497-AE1A-8B267B404201} = {32548940-0629-46AC-B9BF-E7C41F1C49DE}
		{0AAE113B-7D85-477C-A72C-55B8C8BED049} = {32548940-0629-46AC-B9BF-E7C41F1C49DE}
		{E0F4DFC2-46E3-4EF6-AA9D-71F0B73911D3} = {32548940-0629-46AC-B9BF-E7C41F1C49DE}
		{938AE7EF-E227-4EED-912D-43A9AEF614B5} = {BD8EB348-8F5D-41BB-BA2E-6D5C7A71FAB5}
		{DB1966F4-AF4B-4E04-97FD-01F0E994EDA0} = {5A5969AF-86CB-489B-B0DE-C0BAADF5B424}
		{EDFC5F9A-F0F6-46E0-A3DC-9B81F5115327} = {F8538BCE-36D3-4317-8C3C-7540117B99A7}
		{F78162A1-433B-4245-99FB-6C0B9E7B05C0} = {32548940-0629-46AC-B9BF-E7C41F1C49DE}
		{63DEC81A-B8A1-4166-8162-6F71E9D0783F} = {5A5969AF-86CB-489B-B0DE-C0BAADF5B424}
		{BC9B5CA3-54F0-4194-8056-45729087FDC3} = {F8538BCE-36D3-4317-8C3C-7540117B99A7}
		{6859E590-8534-41DE-B684-DE44C3A7061E} = {F8538BCE-36D3-4317-8C3C-7540117B99A7}
		{9CFA0CB8-0E85-47DC-8C94-9D77CBC0A315} = {F8538BCE-36D3-4317-8C3C-7540117B99A7}
		{DD1A7896-2FA7-4048-8716-514153091B96} = {5A5969AF-86CB-489B-B0DE-C0BAADF5B424}
		{4635FE85-68EE-4A0A-A22D-815F2C98DC0C} = {5A5969AF-86CB-489B-B0DE-C0BAADF5B424}
		{7B8EDFF3-80FE-4944-ABE7-E8F5384C494E} = {F8538BCE-36D3-4317-8C3C-7540117B99A7}
		{33946AFA-53DB-47D6-B0D1-1B68B916C36E} = {F8538BCE-36D3-4317-8C3C-7540117B99A7}
		{E70FE541-4DCB-4712-AA34-2A1AE973EA52} = {5A5969AF-86CB-489B-B0DE-C0BAADF5B424}
		{E28F7C00-208F-4A6F-B716-C4270C3A65C0} = {D8925EFE-9CEE-472F-86E4-24E25B1D7429}
		{F46C82AB-E3D9-4C58-9FCC-1F7AAE46A1BC} = {5A5969AF-86CB-489B-B0DE-C0BAADF5B424}
		{9F9B0C16-DBF3-41BD-B172-E850D251AEB0} = {5A5969AF-86CB-489B-B0DE-C0BAADF5B424}
		{6086BB51-ABAD-465F-9D6D-87FD97927AD6} = {32548940-0629-46AC-B9BF-E7C41F1C49DE}
		{9274296F-42A3-4095-95DC-8CA1D427DE60} = {32548940-0629-46AC-B9BF-E7C41F1C49DE}
		{89C8302F-76B7-4AF8-891B-A7EB97C204F5} = {32548940-0629-46AC-B9BF-E7C41F1C49DE}
		{3863B20A-E9FE-439B-867D-9CA193A295C4} = {32548940-0629-46AC-B9BF-E7C41F1C49DE}
		{8B701432-0E07-4AC8-A54A-D9FD88A45043} = {32548940-0629-46AC-B9BF-E7C41F1C49DE}
		{5E081A76-1E5F-49D2-B348-1C620A6A7727} = {32548940-0629-46AC-B9BF-E7C41F1C49DE}
		{4E666CED-0981-489C-ACAF-DF324460E206} = {32548940-0629-46AC-B9BF-E7C41F1C49DE}
		{FCDEF616-D361-4189-828B-E5DAFA874A8D} = {32548940-0629-46AC-B9BF-E7C41F1C49DE}
		{1845482B-099A-4AD7-AFF0-8A26D50BEE9B} = {32548940-0629-46AC-B9BF-E7C41F1C49DE}
		{B8852433-2403-44D4-9F1A-CBC3D2B2D308} = {32548940-0629-46AC-B9BF-E7C41F1C49DE}
		{114AEEC9-5002-447A-B8F8-935407D56601} = {32548940-0629-46AC-B9BF-E7C41F1C49DE}
		{8C7D4F05-178B-49D3-9FDE-4A591D3DB78C} = {32548940-0629-46AC-B9BF-E7C41F1C49DE}
		{105EE73D-2C22-4686-BFAC-0D2AA78BBEE4} = {32548940-0629-46AC-B9BF-E7C41F1C49DE}
		{4E6AAC13-3099-485F-9E28-94A5315FFC59} = {32548940-0629-46AC-B9BF-E7C41F1C49DE}
		{0E9361C2-F1BA-4549-9842-A38B515830E4} = {32548940-0629-46AC-B9BF-E7C41F1C49DE}
	EndGlobalSection
	GlobalSection(ExtensibilityGlobals) = postSolution
		SolutionGuid = {388473D0-FE20-4821-BFE4-C3CD3E184C8F}
	EndGlobalSection
EndGlobal
